
Microsoft Visual Studio Solution File, Format Version 12.00
# Visual Studio Version 16
VisualStudioVersion = 16.0.30717.126
MinimumVisualStudioVersion = 10.0.40219.1
Project("{FAE04EC0-301F-11D3-BF4B-00C04F79EFBC}") = "Security_Lab7", "Security_Lab7.csproj", "{5E4DDE39-1796-4D6C-8D0F-D182027ED73A}"
EndProject
Global
	GlobalSection(SolutionConfigurationPlatforms) = preSolution
		Debug|Any CPU = Debug|Any CPU
		Release|Any CPU = Release|Any CPU
	EndGlobalSection
	GlobalSection(ProjectConfigurationPlatforms) = postSolution
		{5E4DDE39-1796-4D6C-8D0F-D182027ED73A}.Debug|Any CPU.ActiveCfg = Debug|Any CPU
		{5E4DDE39-1796-4D6C-8D0F-D182027ED73A}.Debug|Any CPU.Build.0 = Debug|Any CPU
		{5E4DDE39-1796-4D6C-8D0F-D182027ED73A}.Release|Any CPU.ActiveCfg = Release|Any CPU
		{5E4DDE39-1796-4D6C-8D0F-D182027ED73A}.Release|Any CPU.Build.0 = Release|Any CPU
	EndGlobalSection
	GlobalSection(SolutionProperties) = preSolution
		HideSolutionNode = FALSE
	EndGlobalSection
	GlobalSection(ExtensibilityGlobals) = postSolution
		SolutionGuid = {BF1125FA-EA11-4304-BC8A-0E1D3B0E447C}
	EndGlobalSection
EndGlobal
